
Microsoft Visual Studio Solution File, Format Version 12.00
# Visual Studio Version 17
VisualStudioVersion = 17.14.36414.22
MinimumVisualStudioVersion = 10.0.40219.1
Project("{FAE04EC0-301F-11D3-BF4B-00C04F79EFBC}") = "AutonomiaVeiculosAPI.Services", "AutonomiaVeiculosAPI.Services\AutonomiaVeiculosAPI.Services.csproj", "{7A2A2C97-B7CC-4B8F-94DE-2D28CACD5177}"
EndProject
Project("{2150E333-8FDC-42A3-9474-1A3956D46DE8}") = "API", "API", "{02EA681E-C7D8-13C7-8484-4AC65E1B71E8}"
EndProject
Project("{2150E333-8FDC-42A3-9474-1A3956D46DE8}") = "DDD", "DDD", "{BE431C4B-E590-4BA4-8F48-DA478B682AA7}"
EndProject
Project("{2150E333-8FDC-42A3-9474-1A3956D46DE8}") = "Tests", "Tests", "{72D46F4B-A111-4732-960C-C7C924AE292A}"
EndProject
Project("{FAE04EC0-301F-11D3-BF4B-00C04F79EFBC}") = "AutonomiaVeiculosAPI.Domain", "AutonomiaVeiculosAPI.Domain\AutonomiaVeiculosAPI.Domain.csproj", "{66C1A544-4E70-4562-8DAA-539A51E01A86}"
EndProject
Project("{2150E333-8FDC-42A3-9474-1A3956D46DE8}") = "Domain", "Domain", "{DE558876-86C1-4BE6-B9FC-3A565C314BCC}"
EndProject
Project("{2150E333-8FDC-42A3-9474-1A3956D46DE8}") = "Application", "Application", "{4E6F1668-01E2-4CDA-8789-65390909F223}"
EndProject
Project("{2150E333-8FDC-42A3-9474-1A3956D46DE8}") = "InfraStructure", "InfraStructure", "{EF64A5DE-F13E-40D0-BA2A-F5663FEB4157}"
EndProject
Project("{FAE04EC0-301F-11D3-BF4B-00C04F79EFBC}") = "AutonomiaVeiculosAPI.Application", "AutonomiaVeiculosAPI.Application\AutonomiaVeiculosAPI.Application.csproj", "{16B5D6F2-8BC0-4F3A-9712-0DABB3844DA8}"
EndProject
Project("{FAE04EC0-301F-11D3-BF4B-00C04F79EFBC}") = "AutonomiaVeiculosAPI.Infra.Data", "AutonomiaVeiculosAPI.Infra.Data\AutonomiaVeiculosAPI.Infra.Data.csproj", "{FDA00FFE-CDAA-4863-A3FB-DFF78443C6D5}"
EndProject
Project("{FAE04EC0-301F-11D3-BF4B-00C04F79EFBC}") = "AutonomiaVeiculosAPI.Tests", "AutonomiaVeiculosAPI.Tests\AutonomiaVeiculosAPI.Tests.csproj", "{5A84DDCB-1DAC-4F60-B0AE-091664CD001D}"
EndProject
Global
	GlobalSection(SolutionConfigurationPlatforms) = preSolution
		Debug|Any CPU = Debug|Any CPU
		Release|Any CPU = Release|Any CPU
	EndGlobalSection
	GlobalSection(ProjectConfigurationPlatforms) = postSolution
		{7A2A2C97-B7CC-4B8F-94DE-2D28CACD5177}.Debug|Any CPU.ActiveCfg = Debug|Any CPU
		{7A2A2C97-B7CC-4B8F-94DE-2D28CACD5177}.Debug|Any CPU.Build.0 = Debug|Any CPU
		{7A2A2C97-B7CC-4B8F-94DE-2D28CACD5177}.Release|Any CPU.ActiveCfg = Release|Any CPU
		{7A2A2C97-B7CC-4B8F-94DE-2D28CACD5177}.Release|Any CPU.Build.0 = Release|Any CPU
		{66C1A544-4E70-4562-8DAA-539A51E01A86}.Debug|Any CPU.ActiveCfg = Debug|Any CPU
		{66C1A544-4E70-4562-8DAA-539A51E01A86}.Debug|Any CPU.Build.0 = Debug|Any CPU
		{66C1A544-4E70-4562-8DAA-539A51E01A86}.Release|Any CPU.ActiveCfg = Release|Any CPU
		{66C1A544-4E70-4562-8DAA-539A51E01A86}.Release|Any CPU.Build.0 = Release|Any CPU
		{16B5D6F2-8BC0-4F3A-9712-0DABB3844DA8}.Debug|Any CPU.ActiveCfg = Debug|Any CPU
		{16B5D6F2-8BC0-4F3A-9712-0DABB3844DA8}.Debug|Any CPU.Build.0 = Debug|Any CPU
		{16B5D6F2-8BC0-4F3A-9712-0DABB3844DA8}.Release|Any CPU.ActiveCfg = Release|Any CPU
		{16B5D6F2-8BC0-4F3A-9712-0DABB3844DA8}.Release|Any CPU.Build.0 = Release|Any CPU
		{FDA00FFE-CDAA-4863-A3FB-DFF78443C6D5}.Debug|Any CPU.ActiveCfg = Debug|Any CPU
		{FDA00FFE-CDAA-4863-A3FB-DFF78443C6D5}.Debug|Any CPU.Build.0 = Debug|Any CPU
		{FDA00FFE-CDAA-4863-A3FB-DFF78443C6D5}.Release|Any CPU.ActiveCfg = Release|Any CPU
		{FDA00FFE-CDAA-4863-A3FB-DFF78443C6D5}.Release|Any CPU.Build.0 = Release|Any CPU
		{5A84DDCB-1DAC-4F60-B0AE-091664CD001D}.Debug|Any CPU.ActiveCfg = Debug|Any CPU
		{5A84DDCB-1DAC-4F60-B0AE-091664CD001D}.Debug|Any CPU.Build.0 = Debug|Any CPU
		{5A84DDCB-1DAC-4F60-B0AE-091664CD001D}.Release|Any CPU.ActiveCfg = Release|Any CPU
		{5A84DDCB-1DAC-4F60-B0AE-091664CD001D}.Release|Any CPU.Build.0 = Release|Any CPU
	EndGlobalSection
	GlobalSection(SolutionProperties) = preSolution
		HideSolutionNode = FALSE
	EndGlobalSection
	GlobalSection(NestedProjects) = preSolution
		{7A2A2C97-B7CC-4B8F-94DE-2D28CACD5177} = {02EA681E-C7D8-13C7-8484-4AC65E1B71E8}
		{66C1A544-4E70-4562-8DAA-539A51E01A86} = {DE558876-86C1-4BE6-B9FC-3A565C314BCC}
		{DE558876-86C1-4BE6-B9FC-3A565C314BCC} = {BE431C4B-E590-4BA4-8F48-DA478B682AA7}
		{4E6F1668-01E2-4CDA-8789-65390909F223} = {BE431C4B-E590-4BA4-8F48-DA478B682AA7}
		{EF64A5DE-F13E-40D0-BA2A-F5663FEB4157} = {BE431C4B-E590-4BA4-8F48-DA478B682AA7}
		{16B5D6F2-8BC0-4F3A-9712-0DABB3844DA8} = {4E6F1668-01E2-4CDA-8789-65390909F223}
		{FDA00FFE-CDAA-4863-A3FB-DFF78443C6D5} = {EF64A5DE-F13E-40D0-BA2A-F5663FEB4157}
		{5A84DDCB-1DAC-4F60-B0AE-091664CD001D} = {72D46F4B-A111-4732-960C-C7C924AE292A}
	EndGlobalSection
	GlobalSection(ExtensibilityGlobals) = postSolution
		SolutionGuid = {A8DF4865-9B26-4FE8-9A48-162FCFCD1BA1}
	EndGlobalSection
EndGlobal
